// !$*UTF8*$!
{
	archiveVersion = 1;
	classes = {
	};
	objectVersion = 46;
	objects = {

/* Begin PBXBuildFile section */
		55D6E8921C937FAF0002574B /* AppDelegate.swift in Sources */ = {isa = PBXBuildFile; fileRef = 55D6E8911C937FAF0002574B /* AppDelegate.swift */; };
		55D6E8941C937FAF0002574B /* ViewController.swift in Sources */ = {isa = PBXBuildFile; fileRef = 55D6E8931C937FAF0002574B /* ViewController.swift */; };
		55D6E8971C937FAF0002574B /* Main.storyboard in Resources */ = {isa = PBXBuildFile; fileRef = 55D6E8951C937FAF0002574B /* Main.storyboard */; };
		55D6E8991C937FAF0002574B /* Images.xcassets in Resources */ = {isa = PBXBuildFile; fileRef = 55D6E8981C937FAF0002574B /* Images.xcassets */; };
		55D6E89C1C937FAF0002574B /* LaunchScreen.xib in Resources */ = {isa = PBXBuildFile; fileRef = 55D6E89A1C937FAF0002574B /* LaunchScreen.xib */; };
		55D6E8A81C937FB00002574B /* tipsTests.swift in Sources */ = {isa = PBXBuildFile; fileRef = 55D6E8A71C937FB00002574B /* tipsTests.swift */; };
/* End PBXBuildFile section */

/* Begin PBXContainerItemProxy section */
		55D6E8A21C937FB00002574B /* PBXContainerItemProxy */ = {
			isa = PBXContainerItemProxy;
			containerPortal = 55D6E8841C937FAF0002574B /* Project object */;
			proxyType = 1;
			remoteGlobalIDString = 55D6E88B1C937FAF0002574B;
			remoteInfo = tips;
		};
/* End PBXContainerItemProxy section */

/* Begin PBXFileReference section */
		55D6E88C1C937FAF0002574B /* tips.app */ = {isa = PBXFileReference; explicitFileType = wrapper.application; includeInIndex = 0; path = tips.app; sourceTree = BUILT_PRODUCTS_DIR; };
		55D6E8901C937FAF0002574B /* Info.plist */ = {isa = PBXFileReference; lastKnownFileType = text.plist.xml; path = Info.plist; sourceTree = "<group>"; };
		55D6E8911C937FAF0002574B /* AppDelegate.swift */ = {isa = PBXFileReference; lastKnownFileType = sourcecode.swift; path = AppDelegate.swift; sourceTree = "<group>"; };
		55D6E8931C937FAF0002574B /* ViewController.swift */ = {isa = PBXFileReference; lastKnownFileType = sourcecode.swift; path = ViewController.swift; sourceTree = "<group>"; };
		55D6E8961C937FAF0002574B /* Base */ = {isa = PBXFileReference; lastKnownFileType = file.storyboard; name = Base; path = Base.lproj/Main.storyboard; sourceTree = "<group>"; };
		55D6E8981C937FAF0002574B /* Images.xcassets */ = {isa = PBXFileReference; lastKnownFileType = folder.assetcatalog; path = Images.xcassets; sourceTree = "<group>"; };
		55D6E89B1C937FAF0002574B /* Base */ = {isa = PBXFileReference; lastKnownFileType = file.xib; name = Base; path = Base.lproj/LaunchScreen.xib; sourceTree = "<group>"; };
		55D6E8A11C937FB00002574B /* tipsTests.xctest */ = {isa = PBXFileReference; explicitFileType = wrapper.cfbundle; includeInIndex = 0; path = tipsTests.xctest; sourceTree = BUILT_PRODUCTS_DIR; };
		55D6E8A61C937FB00002574B /* Info.plist */ = {isa = PBXFileReference; lastKnownFileType = text.plist.xml; path = Info.plist; sourceTree = "<group>"; };
		55D6E8A71C937FB00002574B /* tipsTests.swift */ = {isa = PBXFileReference; lastKnownFileType = sourcecode.swift; path = tipsTests.swift; sourceTree = "<group>"; };
/* End PBXFileReference section */

/* Begin PBXFrameworksBuildPhase section */
		55D6E8891C937FAF0002574B /* Frameworks */ = {
			isa = PBXFrameworksBuildPhase;
			buildActionMask = 2147483647;
			files = (
			);
			runOnlyForDeploymentPostprocessing = 0;
		};
		55D6E89E1C937FB00002574B /* Frameworks */ = {
			isa = PBXFrameworksBuildPhase;
			buildActionMask = 2147483647;
			files = (
			);
			runOnlyForDeploymentPostprocessing = 0;
		};
/* End PBXFrameworksBuildPhase section */

/* Begin PBXGroup section */
		55D6E8831C937FAF0002574B = {
			isa = PBXGroup;
			children = (
				55D6E88E1C937FAF0002574B /* tips */,
				55D6E8A41C937FB00002574B /* tipsTests */,
				55D6E88D1C937FAF0002574B /* Products */,
			);
			sourceTree = "<group>";
		};
		55D6E88D1C937FAF0002574B /* Products */ = {
			isa = PBXGroup;
			children = (
				55D6E88C1C937FAF0002574B /* tips.app */,
				55D6E8A11C937FB00002574B /* tipsTests.xctest */,
			);
			name = Products;
			sourceTree = "<group>";
		};
		55D6E88E1C937FAF0002574B /* tips */ = {
			isa = PBXGroup;
			children = (
				55D6E8911C937FAF0002574B /* AppDelegate.swift */,
				55D6E8931C937FAF0002574B /* ViewController.swift */,
				55D6E8951C937FAF0002574B /* Main.storyboard */,
				55D6E8981C937FAF0002574B /* Images.xcassets */,
				55D6E89A1C937FAF0002574B /* LaunchScreen.xib */,
				55D6E88F1C937FAF0002574B /* Supporting Files */,
			);
			path = tips;
			sourceTree = "<group>";
		};
		55D6E88F1C937FAF0002574B /* Supporting Files */ = {
			isa = PBXGroup;
			children = (
				55D6E8901C937FAF0002574B /* Info.plist */,
			);
			name = "Supporting Files";
			sourceTree = "<group>";
		};
		55D6E8A41C937FB00002574B /* tipsTests */ = {
			isa = PBXGroup;
			children = (
				55D6E8A71C937FB00002574B /* tipsTests.swift */,
				55D6E8A51C937FB00002574B /* Supporting Files */,
			);
			path = tipsTests;
			sourceTree = "<group>";
		};
		55D6E8A51C937FB00002574B /* Supporting Files */ = {
			isa = PBXGroup;
			children = (
				55D6E8A61C937FB00002574B /* Info.plist */,
			);
			name = "Supporting Files";
			sourceTree = "<group>";
		};
/* End PBXGroup section */

/* Begin PBXNativeTarget section */
		55D6E88B1C937FAF0002574B /* tips */ = {
			isa = PBXNativeTarget;
			buildConfigurationList = 55D6E8AB1C937FB00002574B /* Build configuration list for PBXNativeTarget "tips" */;
			buildPhases = (
				55D6E8881C937FAF0002574B /* Sources */,
				55D6E8891C937FAF0002574B /* Frameworks */,
				55D6E88A1C937FAF0002574B /* Resources */,
			);
			buildRules = (
			);
			dependencies = (
			);
			name = tips;
			productName = tips;
			productReference = 55D6E88C1C937FAF0002574B /* tips.app */;
			productType = "com.apple.product-type.application";
		};
		55D6E8A01C937FB00002574B /* tipsTests */ = {
			isa = PBXNativeTarget;
			buildConfigurationList = 55D6E8AE1C937FB00002574B /* Build configuration list for PBXNativeTarget "tipsTests" */;
			buildPhases = (
				55D6E89D1C937FB00002574B /* Sources */,
				55D6E89E1C937FB00002574B /* Frameworks */,
				55D6E89F1C937FB00002574B /* Resources */,
			);
			buildRules = (
			);
			dependencies = (
				55D6E8A31C937FB00002574B /* PBXTargetDependency */,
			);
			name = tipsTests;
			productName = tipsTests;
			productReference = 55D6E8A11C937FB00002574B /* tipsTests.xctest */;
			productType = "com.apple.product-type.bundle.unit-test";
		};
/* End PBXNativeTarget section */

/* Begin PBXProject section */
		55D6E8841C937FAF0002574B /* Project object */ = {
			isa = PBXProject;
			attributes = {
				LastUpgradeCheck = 0640;
				ORGANIZATIONNAME = "Victoria Zhou";
				TargetAttributes = {
					55D6E88B1C937FAF0002574B = {
						CreatedOnToolsVersion = 6.4;
					};
					55D6E8A01C937FB00002574B = {
						CreatedOnToolsVersion = 6.4;
						TestTargetID = 55D6E88B1C937FAF0002574B;
					};
				};
			};
			buildConfigurationList = 55D6E8871C937FAF0002574B /* Build configuration list for PBXProject "tips" */;
			compatibilityVersion = "Xcode 3.2";
			developmentRegion = English;
			hasScannedForEncodings = 0;
			knownRegions = (
				en,
				Base,
			);
			mainGroup = 55D6E8831C937FAF0002574B;
			productRefGroup = 55D6E88D1C937FAF0002574B /* Products */;
			projectDirPath = "";
			projectRoot = "";
			targets = (
				55D6E88B1C937FAF0002574B /* tips */,
				55D6E8A01C937FB00002574B /* tipsTests */,
			);
		};
/* End PBXProject section */

/* Begin PBXResourcesBuildPhase section */
		55D6E88A1C937FAF0002574B /* Resources */ = {
			isa = PBXResourcesBuildPhase;
			buildActionMask = 2147483647;
			files = (
				55D6E8971C937FAF0002574B /* Main.storyboard in Resources */,
				55D6E89C1C937FAF0002574B /* LaunchScreen.xib in Resources */,
				55D6E8991C937FAF0002574B /* Images.xcassets in Resources */,
			);
			runOnlyForDeploymentPostprocessing = 0;
		};
		55D6E89F1C937FB00002574B /* Resources */ = {
			isa = PBXResourcesBuildPhase;
			buildActionMask = 2147483647;
			files = (
			);
			runOnlyForDeploymentPostprocessing = 0;
		};
/* End PBXResourcesBuildPhase section */

/* Begin PBXSourcesBuildPhase section */
		55D6E8881C937FAF0002574B /* Sources */ = {
			isa = PBXSourcesBuildPhase;
			buildActionMask = 2147483647;
			files = (
				55D6E8941C937FAF0002574B /* ViewController.swift in Sources */,
				55D6E8921C937FAF0002574B /* AppDelegate.swift in Sources */,
			);
			runOnlyForDeploymentPostprocessing = 0;
		};
		55D6E89D1C937FB00002574B /* Sources */ = {
			isa = PBXSourcesBuildPhase;
			buildActionMask = 2147483647;
			files = (
				55D6E8A81C937FB00002574B /* tipsTests.swift in Sources */,
			);
			runOnlyForDeploymentPostprocessing = 0;
		};
/* End PBXSourcesBuildPhase section */

/* Begin PBXTargetDependency section */
		55D6E8A31C937FB00002574B /* PBXTargetDependency */ = {
			isa = PBXTargetDependency;
			target = 55D6E88B1C937FAF0002574B /* tips */;
			targetProxy = 55D6E8A21C937FB00002574B /* PBXContainerItemProxy */;
		};
/* End PBXTargetDependency section */

/* Begin PBXVariantGroup section */
		55D6E8951C937FAF0002574B /* Main.storyboard */ = {
			isa = PBXVariantGroup;
			children = (
				55D6E8961C937FAF0002574B /* Base */,
			);
			name = Main.storyboard;
			sourceTree = "<group>";
		};
		55D6E89A1C937FAF0002574B /* LaunchScreen.xib */ = {
			isa = PBXVariantGroup;
			children = (
				55D6E89B1C937FAF0002574B /* Base */,
			);
			name = LaunchScreen.xib;
			sourceTree = "<group>";
		};
/* End PBXVariantGroup section */

/* Begin XCBuildConfiguration section */
		55D6E8A91C937FB00002574B /* Debug */ = {
			isa = XCBuildConfiguration;
			buildSettings = {
				ALWAYS_SEARCH_USER_PATHS = NO;
				CLANG_CXX_LANGUAGE_STANDARD = "gnu++0x";
				CLANG_CXX_LIBRARY = "libc++";
				CLANG_ENABLE_MODULES = YES;
				CLANG_ENABLE_OBJC_ARC = YES;
				CLANG_WARN_BOOL_CONVERSION = YES;
				CLANG_WARN_CONSTANT_CONVERSION = YES;
				CLANG_WARN_DIRECT_OBJC_ISA_USAGE = YES_ERROR;
				CLANG_WARN_EMPTY_BODY = YES;
				CLANG_WARN_ENUM_CONVERSION = YES;
				CLANG_WARN_INT_CONVERSION = YES;
				CLANG_WARN_OBJC_ROOT_CLASS = YES_ERROR;
				CLANG_WARN_UNREACHABLE_CODE = YES;
				CLANG_WARN__DUPLICATE_METHOD_MATCH = YES;
				"CODE_SIGN_IDENTITY[sdk=iphoneos*]" = "iPhone Developer";
				COPY_PHASE_STRIP = NO;
				DEBUG_INFORMATION_FORMAT = "dwarf-with-dsym";
				ENABLE_STRICT_OBJC_MSGSEND = YES;
				GCC_C_LANGUAGE_STANDARD = gnu99;
				GCC_DYNAMIC_NO_PIC = NO;
				GCC_NO_COMMON_BLOCKS = YES;
				GCC_OPTIMIZATION_LEVEL = 0;
				GCC_PREPROCESSOR_DEFINITIONS = (
					"DEBUG=1",
					"$(inherited)",
				);
				GCC_SYMBOLS_PRIVATE_EXTERN = NO;
				GCC_WARN_64_TO_32_BIT_CONVERSION = YES;
				GCC_WARN_ABOUT_RETURN_TYPE = YES_ERROR;
				GCC_WARN_UNDECLARED_SELECTOR = YES;
				GCC_WARN_UNINITIALIZED_AUTOS = YES_AGGRESSIVE;
				GCC_WARN_UNUSED_FUNCTION = YES;
				GCC_WARN_UNUSED_VARIABLE = YES;
				IPHONEOS_DEPLOYMENT_TARGET = 8.4;
				MTL_ENABLE_DEBUG_INFO = YES;
				ONLY_ACTIVE_ARCH = YES;
				SDKROOT = iphoneos;
				SWIFT_OPTIMIZATION_LEVEL = "-Onone";
			};
			name = Debug;
		};
		55D6E8AA1C937FB00002574B /* Release */ = {
			isa = XCBuildConfiguration;
			buildSettings = {
				ALWAYS_SEARCH_USER_PATHS = NO;
				CLANG_CXX_LANGUAGE_STANDARD = "gnu++0x";
				CLANG_CXX_LIBRARY = "libc++";
				CLANG_ENABLE_MODULES = YES;
				CLANG_ENABLE_OBJC_ARC = YES;
				CLANG_WARN_BOOL_CONVERSION = YES;
				CLANG_WARN_CONSTANT_CONVERSION = YES;
				CLANG_WARN_DIRECT_OBJC_ISA_USAGE = YES_ERROR;
				CLANG_WARN_EMPTY_BODY = YES;
				CLANG_WARN_ENUM_CONVERSION = YES;
				CLANG_WARN_INT_CONVERSION = YES;
				CLANG_WARN_OBJC_ROOT_CLASS = YES_ERROR;
				CLANG_WARN_UNREACHABLE_CODE = YES;
				CLANG_WARN__DUPLICATE_METHOD_MATCH = YES;
				"CODE_SIGN_IDENTITY[sdk=iphoneos*]" = "iPhone Developer";
				COPY_PHASE_STRIP = NO;
				DEBUG_INFORMATION_FORMAT = "dwarf-with-dsym";
				ENABLE_NS_ASSERTIONS = NO;
				ENABLE_STRICT_OBJC_MSGSEND = YES;
				GCC_C_LANGUAGE_STANDARD = gnu99;
				GCC_NO_COMMON_BLOCKS = YES;
				GCC_WARN_64_TO_32_BIT_CONVERSION = YES;
				GCC_WARN_ABOUT_RETURN_TYPE = YES_ERROR;
				GCC_WARN_UNDECLARED_SELECTOR = YES;
				GCC_WARN_UNINITIALIZED_AUTOS = YES_AGGRESSIVE;
				GCC_WARN_UNUSED_FUNCTION = YES;
				GCC_WARN_UNUSED_VARIABLE = YES;
				IPHONEOS_DEPLOYMENT_TARGET = 8.4;
				MTL_ENABLE_DEBUG_INFO = NO;
				SDKROOT = iphoneos;
				VALIDATE_PRODUCT = YES;
			};
			name = Release;
		};
		55D6E8AC1C937FB00002574B /* Debug */ = {
			isa = XCBuildConfiguration;
			buildSettings = {
				ASSETCATALOG_COMPILER_APPICON_NAME = AppIcon;
				INFOPLIST_FILE = tips/Info.plist;
				LD_RUNPATH_SEARCH_PATHS = "$(inherited) @executable_path/Frameworks";
				PRODUCT_NAME = "$(TARGET_NAME)";
			};
			name = Debug;
		};
		55D6E8AD1C937FB00002574B /* Release */ = {
			isa = XCBuildConfiguration;
			buildSettings = {
				ASSETCATALOG_COMPILER_APPICON_NAME = AppIcon;
				INFOPLIST_FILE = tips/Info.plist;
				LD_RUNPATH_SEARCH_PATHS = "$(inherited) @executable_path/Frameworks";
				PRODUCT_NAME = "$(TARGET_NAME)";
			};
			name = Release;
		};
		55D6E8AF1C937FB00002574B /* Debug */ = {
			isa = XCBuildConfiguration;
			buildSettings = {
				BUNDLE_LOADER = "$(TEST_HOST)";
				FRAMEWORK_SEARCH_PATHS = (
					"$(SDKROOT)/Developer/Library/Frameworks",
					"$(inherited)",
				);
				GCC_PREPROCESSOR_DEFINITIONS = (
					"DEBUG=1",
					"$(inherited)",
				);
				INFOPLIST_FILE = tipsTests/Info.plist;
				LD_RUNPATH_SEARCH_PATHS = "$(inherited) @executable_path/Frameworks @loader_path/Frameworks";
				PRODUCT_NAME = "$(TARGET_NAME)";
				TEST_HOST = "$(BUILT_PRODUCTS_DIR)/tips.app/tips";
			};
			name = Debug;
		};
		55D6E8B01C937FB00002574B /* Release */ = {
			isa = XCBuildConfiguration;
			buildSettings = {
				BUNDLE_LOADER = "$(TEST_HOST)";
				FRAMEWORK_SEARCH_PATHS = (
					"$(SDKROOT)/Developer/Library/Frameworks",
					"$(inherited)",
				);
				INFOPLIST_FILE = tipsTests/Info.plist;
				LD_RUNPATH_SEARCH_PATHS = "$(inherited) @executable_path/Frameworks @loader_path/Frameworks";
				PRODUCT_NAME = "$(TARGET_NAME)";
				TEST_HOST = "$(BUILT_PRODUCTS_DIR)/tips.app/tips";
			};
			name = Release;
		};
/* End XCBuildConfiguration section */

/* Begin XCConfigurationList section */
		55D6E8871C937FAF0002574B /* Build configuration list for PBXProject "tips" */ = {
			isa = XCConfigurationList;
			buildConfigurations = (
				55D6E8A91C937FB00002574B /* Debug */,
				55D6E8AA1C937FB00002574B /* Release */,
			);
			defaultConfigurationIsVisible = 0;
			defaultConfigurationName = Release;
		};
		55D6E8AB1C937FB00002574B /* Build configuration list for PBXNativeTarget "tips" */ = {
			isa = XCConfigurationList;
			buildConfigurations = (
				55D6E8AC1C937FB00002574B /* Debug */,
				55D6E8AD1C937FB00002574B /* Release */,
			);
			defaultConfigurationIsVisible = 0;
		};
		55D6E8AE1C937FB00002574B /* Build configuration list for PBXNativeTarget "tipsTests" */ = {
			isa = XCConfigurationList;
			buildConfigurations = (
				55D6E8AF1C937FB00002574B /* Debug */,
				55D6E8B01C937FB00002574B /* Release */,
			);
			defaultConfigurationIsVisible = 0;
		};
/* End XCConfigurationList section */
	};
	rootObject = 55D6E8841C937FAF0002574B /* Project object */;
}
